
Microsoft Visual Studio Solution File, Format Version 12.00
# Visual Studio Version 16
VisualStudioVersion = 16.0.30711.63
MinimumVisualStudioVersion = 10.0.40219.1
Project("{9A19103F-16F7-4668-BE54-9A1E7A4F7556}") = "MoXiang.Web", "MoXiang.Web\MoXiang.Web.csproj", "{792FB702-CC0E-4CBB-921E-34CB51BB8E3D}"
EndProject
Project("{9A19103F-16F7-4668-BE54-9A1E7A4F7556}") = "MoXiang.WebApi", "MoXiang.WebApi\MoXiang.WebApi.csproj", "{DF4E087D-E800-4CF7-8377-CF97FC4AFBC1}"
EndProject
Project("{9A19103F-16F7-4668-BE54-9A1E7A4F7556}") = "MoXiang.Repository", "MoXiang.Repository\MoXiang.Repository.csproj", "{6D96F3CE-9EAC-47F7-8FC1-7B68D4DC91DA}"
EndProject
Project("{9A19103F-16F7-4668-BE54-9A1E7A4F7556}") = "MoXiang.Infrastructure", "MoXiang.Infrastructure\MoXiang.Infrastructure.csproj", "{E9D18534-C013-4B7E-951B-0EC6FE20C399}"
EndProject
Project("{9A19103F-16F7-4668-BE54-9A1E7A4F7556}") = "MoXiang.Application", "MoXiang.Application\MoXiang.Application.csproj", "{C57225CD-0475-42B2-875C-FAF11973095D}"
EndProject
Global
	GlobalSection(SolutionConfigurationPlatforms) = preSolution
		Debug|Any CPU = Debug|Any CPU
		Release|Any CPU = Release|Any CPU
	EndGlobalSection
	GlobalSection(ProjectConfigurationPlatforms) = postSolution
		{792FB702-CC0E-4CBB-921E-34CB51BB8E3D}.Debug|Any CPU.ActiveCfg = Debug|Any CPU
		{792FB702-CC0E-4CBB-921E-34CB51BB8E3D}.Debug|Any CPU.Build.0 = Debug|Any CPU
		{792FB702-CC0E-4CBB-921E-34CB51BB8E3D}.Release|Any CPU.ActiveCfg = Release|Any CPU
		{792FB702-CC0E-4CBB-921E-34CB51BB8E3D}.Release|Any CPU.Build.0 = Release|Any CPU
		{DF4E087D-E800-4CF7-8377-CF97FC4AFBC1}.Debug|Any CPU.ActiveCfg = Debug|Any CPU
		{DF4E087D-E800-4CF7-8377-CF97FC4AFBC1}.Debug|Any CPU.Build.0 = Debug|Any CPU
		{DF4E087D-E800-4CF7-8377-CF97FC4AFBC1}.Release|Any CPU.ActiveCfg = Release|Any CPU
		{DF4E087D-E800-4CF7-8377-CF97FC4AFBC1}.Release|Any CPU.Build.0 = Release|Any CPU
		{6D96F3CE-9EAC-47F7-8FC1-7B68D4DC91DA}.Debug|Any CPU.ActiveCfg = Debug|Any CPU
		{6D96F3CE-9EAC-47F7-8FC1-7B68D4DC91DA}.Debug|Any CPU.Build.0 = Debug|Any CPU
		{6D96F3CE-9EAC-47F7-8FC1-7B68D4DC91DA}.Release|Any CPU.ActiveCfg = Release|Any CPU
		{6D96F3CE-9EAC-47F7-8FC1-7B68D4DC91DA}.Release|Any CPU.Build.0 = Release|Any CPU
		{E9D18534-C013-4B7E-951B-0EC6FE20C399}.Debug|Any CPU.ActiveCfg = Debug|Any CPU
		{E9D18534-C013-4B7E-951B-0EC6FE20C399}.Debug|Any CPU.Build.0 = Debug|Any CPU
		{E9D18534-C013-4B7E-951B-0EC6FE20C399}.Release|Any CPU.ActiveCfg = Release|Any CPU
		{E9D18534-C013-4B7E-951B-0EC6FE20C399}.Release|Any CPU.Build.0 = Release|Any CPU
		{C57225CD-0475-42B2-875C-FAF11973095D}.Debug|Any CPU.ActiveCfg = Debug|Any CPU
		{C57225CD-0475-42B2-875C-FAF11973095D}.Debug|Any CPU.Build.0 = Debug|Any CPU
		{C57225CD-0475-42B2-875C-FAF11973095D}.Release|Any CPU.ActiveCfg = Release|Any CPU
		{C57225CD-0475-42B2-875C-FAF11973095D}.Release|Any CPU.Build.0 = Release|Any CPU
	EndGlobalSection
	GlobalSection(SolutionProperties) = preSolution
		HideSolutionNode = FALSE
	EndGlobalSection
	GlobalSection(ExtensibilityGlobals) = postSolution
		SolutionGuid = {54079C0A-3A3B-45A2-A183-DBBA4A52AAF8}
	EndGlobalSection
EndGlobal
